// !$*UTF8*$!
{
	archiveVersion = 1;
	classes = {
	};
	objectVersion = 77;
	objects = {

/* Begin PBXBuildFile section */
		86432B492D1647F500A16F5D /* GoogleService-Info.plist in Resources */ = {isa = PBXBuildFile; fileRef = 86432B482D1647F500A16F5D /* GoogleService-Info.plist */; };
		8657ADB82D164117003CC347 /* FirebaseAuth in Frameworks */ = {isa = PBXBuildFile; productRef = 8657ADB72D164117003CC347 /* FirebaseAuth */; };
		8657ADBA2D164117003CC347 /* FirebaseFirestore in Frameworks */ = {isa = PBXBuildFile; productRef = 8657ADB92D164117003CC347 /* FirebaseFirestore */; };
		8657ADBC2D164117003CC347 /* FirebaseFirestoreCombine-Community in Frameworks */ = {isa = PBXBuildFile; productRef = 8657ADBB2D164117003CC347 /* FirebaseFirestoreCombine-Community */; };
		8657ADBE2D164117003CC347 /* FirebaseStorage in Frameworks */ = {isa = PBXBuildFile; productRef = 8657ADBD2D164117003CC347 /* FirebaseStorage */; };
		8657ADC02D164117003CC347 /* FirebaseStorageCombine-Community in Frameworks */ = {isa = PBXBuildFile; productRef = 8657ADBF2D164117003CC347 /* FirebaseStorageCombine-Community */; };
		8697A52D2D16656400867303 /* AlertToast in Frameworks */ = {isa = PBXBuildFile; productRef = 8697A52C2D16656400867303 /* AlertToast */; };
/* End PBXBuildFile section */

/* Begin PBXContainerItemProxy section */
		8657AD932D163D70003CC347 /* PBXContainerItemProxy */ = {
			isa = PBXContainerItemProxy;
			containerPortal = 8657AD7A2D163D6E003CC347 /* Project object */;
			proxyType = 1;
			remoteGlobalIDString = 8657AD812D163D6E003CC347;
			remoteInfo = ebuddyPTE.LTD;
		};
		8657AD9D2D163D70003CC347 /* PBXContainerItemProxy */ = {
			isa = PBXContainerItemProxy;
			containerPortal = 8657AD7A2D163D6E003CC347 /* Project object */;
			proxyType = 1;
			remoteGlobalIDString = 8657AD812D163D6E003CC347;
			remoteInfo = ebuddyPTE.LTD;
		};
/* End PBXContainerItemProxy section */

/* Begin PBXFileReference section */
		86432B482D1647F500A16F5D /* GoogleService-Info.plist */ = {isa = PBXFileReference; lastKnownFileType = text.plist.xml; path = "GoogleService-Info.plist"; sourceTree = "<group>"; };
		8657AD822D163D6E003CC347 /* ebuddyPTE.LTD.app */ = {isa = PBXFileReference; explicitFileType = wrapper.application; includeInIndex = 0; path = ebuddyPTE.LTD.app; sourceTree = BUILT_PRODUCTS_DIR; };
		8657AD922D163D70003CC347 /* ebuddyPTE.LTDTests.xctest */ = {isa = PBXFileReference; explicitFileType = wrapper.cfbundle; includeInIndex = 0; path = ebuddyPTE.LTDTests.xctest; sourceTree = BUILT_PRODUCTS_DIR; };
		8657AD9C2D163D70003CC347 /* ebuddyPTE.LTDUITests.xctest */ = {isa = PBXFileReference; explicitFileType = wrapper.cfbundle; includeInIndex = 0; path = ebuddyPTE.LTDUITests.xctest; sourceTree = BUILT_PRODUCTS_DIR; };
/* End PBXFileReference section */

/* Begin PBXFileSystemSynchronizedRootGroup section */
		8657AD842D163D6E003CC347 /* ebuddyPTE.LTD */ = {
			isa = PBXFileSystemSynchronizedRootGroup;
			path = ebuddyPTE.LTD;
			sourceTree = "<group>";
		};
		8657AD952D163D70003CC347 /* ebuddyPTE.LTDTests */ = {
			isa = PBXFileSystemSynchronizedRootGroup;
			path = ebuddyPTE.LTDTests;
			sourceTree = "<group>";
		};
		8657AD9F2D163D70003CC347 /* ebuddyPTE.LTDUITests */ = {
			isa = PBXFileSystemSynchronizedRootGroup;
			path = ebuddyPTE.LTDUITests;
			sourceTree = "<group>";
		};
/* End PBXFileSystemSynchronizedRootGroup section */

/* Begin PBXFrameworksBuildPhase section */
		8657AD7F2D163D6E003CC347 /* Frameworks */ = {
			isa = PBXFrameworksBuildPhase;
			buildActionMask = 2147483647;
			files = (
				8657ADBC2D164117003CC347 /* FirebaseFirestoreCombine-Community in Frameworks */,
				8657ADBE2D164117003CC347 /* FirebaseStorage in Frameworks */,
				8657ADC02D164117003CC347 /* FirebaseStorageCombine-Community in Frameworks */,
				8697A52D2D16656400867303 /* AlertToast in Frameworks */,
				8657ADB82D164117003CC347 /* FirebaseAuth in Frameworks */,
				8657ADBA2D164117003CC347 /* FirebaseFirestore in Frameworks */,
			);
			runOnlyForDeploymentPostprocessing = 0;
		};
		8657AD8F2D163D70003CC347 /* Frameworks */ = {
			isa = PBXFrameworksBuildPhase;
			buildActionMask = 2147483647;
			files = (
			);
			runOnlyForDeploymentPostprocessing = 0;
		};
		8657AD992D163D70003CC347 /* Frameworks */ = {
			isa = PBXFrameworksBuildPhase;
			buildActionMask = 2147483647;
			files = (
			);
			runOnlyForDeploymentPostprocessing = 0;
		};
/* End PBXFrameworksBuildPhase section */

/* Begin PBXGroup section */
		8657AD792D163D6E003CC347 = {
			isa = PBXGroup;
			children = (
				86432B482D1647F500A16F5D /* GoogleService-Info.plist */,
				8657AD842D163D6E003CC347 /* ebuddyPTE.LTD */,
				8657AD952D163D70003CC347 /* ebuddyPTE.LTDTests */,
				8657AD9F2D163D70003CC347 /* ebuddyPTE.LTDUITests */,
				8657AD832D163D6E003CC347 /* Products */,
			);
			sourceTree = "<group>";
		};
		8657AD832D163D6E003CC347 /* Products */ = {
			isa = PBXGroup;
			children = (
				8657AD822D163D6E003CC347 /* ebuddyPTE.LTD.app */,
				8657AD922D163D70003CC347 /* ebuddyPTE.LTDTests.xctest */,
				8657AD9C2D163D70003CC347 /* ebuddyPTE.LTDUITests.xctest */,
			);
			name = Products;
			sourceTree = "<group>";
		};
/* End PBXGroup section */

/* Begin PBXNativeTarget section */
		8657AD812D163D6E003CC347 /* ebuddyPTE.LTD */ = {
			isa = PBXNativeTarget;
			buildConfigurationList = 8657ADA62D163D70003CC347 /* Build configuration list for PBXNativeTarget "ebuddyPTE.LTD" */;
			buildPhases = (
				8657AD7E2D163D6E003CC347 /* Sources */,
				8657AD7F2D163D6E003CC347 /* Frameworks */,
				8657AD802D163D6E003CC347 /* Resources */,
			);
			buildRules = (
			);
			dependencies = (
			);
			fileSystemSynchronizedGroups = (
				8657AD842D163D6E003CC347 /* ebuddyPTE.LTD */,
			);
			name = ebuddyPTE.LTD;
			packageProductDependencies = (
				8657ADB72D164117003CC347 /* FirebaseAuth */,
				8657ADB92D164117003CC347 /* FirebaseFirestore */,
				8657ADBB2D164117003CC347 /* FirebaseFirestoreCombine-Community */,
				8657ADBD2D164117003CC347 /* FirebaseStorage */,
				8657ADBF2D164117003CC347 /* FirebaseStorageCombine-Community */,
				8697A52C2D16656400867303 /* AlertToast */,
			);
			productName = ebuddyPTE.LTD;
			productReference = 8657AD822D163D6E003CC347 /* ebuddyPTE.LTD.app */;
			productType = "com.apple.product-type.application";
		};
		8657AD912D163D70003CC347 /* ebuddyPTE.LTDTests */ = {
			isa = PBXNativeTarget;
			buildConfigurationList = 8657ADA92D163D70003CC347 /* Build configuration list for PBXNativeTarget "ebuddyPTE.LTDTests" */;
			buildPhases = (
				8657AD8E2D163D70003CC347 /* Sources */,
				8657AD8F2D163D70003CC347 /* Frameworks */,
				8657AD902D163D70003CC347 /* Resources */,
			);
			buildRules = (
			);
			dependencies = (
				8657AD942D163D70003CC347 /* PBXTargetDependency */,
			);
			fileSystemSynchronizedGroups = (
				8657AD952D163D70003CC347 /* ebuddyPTE.LTDTests */,
			);
			name = ebuddyPTE.LTDTests;
			packageProductDependencies = (
			);
			productName = ebuddyPTE.LTDTests;
			productReference = 8657AD922D163D70003CC347 /* ebuddyPTE.LTDTests.xctest */;
			productType = "com.apple.product-type.bundle.unit-test";
		};
		8657AD9B2D163D70003CC347 /* ebuddyPTE.LTDUITests */ = {
			isa = PBXNativeTarget;
			buildConfigurationList = 8657ADAC2D163D70003CC347 /* Build configuration list for PBXNativeTarget "ebuddyPTE.LTDUITests" */;
			buildPhases = (
				8657AD982D163D70003CC347 /* Sources */,
				8657AD992D163D70003CC347 /* Frameworks */,
				8657AD9A2D163D70003CC347 /* Resources */,
			);
			buildRules = (
			);
			dependencies = (
				8657AD9E2D163D70003CC347 /* PBXTargetDependency */,
			);
			fileSystemSynchronizedGroups = (
				8657AD9F2D163D70003CC347 /* ebuddyPTE.LTDUITests */,
			);
			name = ebuddyPTE.LTDUITests;
			packageProductDependencies = (
			);
			productName = ebuddyPTE.LTDUITests;
			productReference = 8657AD9C2D163D70003CC347 /* ebuddyPTE.LTDUITests.xctest */;
			productType = "com.apple.product-type.bundle.ui-testing";
		};
/* End PBXNativeTarget section */

/* Begin PBXProject section */
		8657AD7A2D163D6E003CC347 /* Project object */ = {
			isa = PBXProject;
			attributes = {
				BuildIndependentTargetsInParallel = 1;
				LastSwiftUpdateCheck = 1600;
				LastUpgradeCheck = 1600;
				TargetAttributes = {
					8657AD812D163D6E003CC347 = {
						CreatedOnToolsVersion = 16.0;
					};
					8657AD912D163D70003CC347 = {
						CreatedOnToolsVersion = 16.0;
						TestTargetID = 8657AD812D163D6E003CC347;
					};
					8657AD9B2D163D70003CC347 = {
						CreatedOnToolsVersion = 16.0;
						TestTargetID = 8657AD812D163D6E003CC347;
					};
				};
			};
			buildConfigurationList = 8657AD7D2D163D6E003CC347 /* Build configuration list for PBXProject "ebuddyPTE.LTD" */;
			developmentRegion = en;
			hasScannedForEncodings = 0;
			knownRegions = (
				en,
				Base,
			);
			mainGroup = 8657AD792D163D6E003CC347;
			minimizedProjectReferenceProxies = 1;
			packageReferences = (
				8657ADB62D164117003CC347 /* XCRemoteSwiftPackageReference "firebase-ios-sdk" */,
				8697A52B2D16656400867303 /* XCRemoteSwiftPackageReference "AlertToast" */,
			);
			preferredProjectObjectVersion = 77;
			productRefGroup = 8657AD832D163D6E003CC347 /* Products */;
			projectDirPath = "";
			projectRoot = "";
			targets = (
				8657AD812D163D6E003CC347 /* ebuddyPTE.LTD */,
				8657AD912D163D70003CC347 /* ebuddyPTE.LTDTests */,
				8657AD9B2D163D70003CC347 /* ebuddyPTE.LTDUITests */,
			);
		};
/* End PBXProject section */

/* Begin PBXResourcesBuildPhase section */
		8657AD802D163D6E003CC347 /* Resources */ = {
			isa = PBXResourcesBuildPhase;
			buildActionMask = 2147483647;
			files = (
				86432B492D1647F500A16F5D /* GoogleService-Info.plist in Resources */,
			);
			runOnlyForDeploymentPostprocessing = 0;
		};
		8657AD902D163D70003CC347 /* Resources */ = {
			isa = PBXResourcesBuildPhase;
			buildActionMask = 2147483647;
			files = (
			);
			runOnlyForDeploymentPostprocessing = 0;
		};
		8657AD9A2D163D70003CC347 /* Resources */ = {
			isa = PBXResourcesBuildPhase;
			buildActionMask = 2147483647;
			files = (
			);
			runOnlyForDeploymentPostprocessing = 0;
		};
/* End PBXResourcesBuildPhase section */

/* Begin PBXSourcesBuildPhase section */
		8657AD7E2D163D6E003CC347 /* Sources */ = {
			isa = PBXSourcesBuildPhase;
			buildActionMask = 2147483647;
			files = (
			);
			runOnlyForDeploymentPostprocessing = 0;
		};
		8657AD8E2D163D70003CC347 /* Sources */ = {
			isa = PBXSourcesBuildPhase;
			buildActionMask = 2147483647;
			files = (
			);
			runOnlyForDeploymentPostprocessing = 0;
		};
		8657AD982D163D70003CC347 /* Sources */ = {
			isa = PBXSourcesBuildPhase;
			buildActionMask = 2147483647;
			files = (
			);
			runOnlyForDeploymentPostprocessing = 0;
		};
/* End PBXSourcesBuildPhase section */

/* Begin PBXTargetDependency section */
		8657AD942D163D70003CC347 /* PBXTargetDependency */ = {
			isa = PBXTargetDependency;
			target = 8657AD812D163D6E003CC347 /* ebuddyPTE.LTD */;
			targetProxy = 8657AD932D163D70003CC347 /* PBXContainerItemProxy */;
		};
		8657AD9E2D163D70003CC347 /* PBXTargetDependency */ = {
			isa = PBXTargetDependency;
			target = 8657AD812D163D6E003CC347 /* ebuddyPTE.LTD */;
			targetProxy = 8657AD9D2D163D70003CC347 /* PBXContainerItemProxy */;
		};
/* End PBXTargetDependency section */

/* Begin XCBuildConfiguration section */
		8657ADA42D163D70003CC347 /* Debug */ = {
			isa = XCBuildConfiguration;
			buildSettings = {
				ALWAYS_SEARCH_USER_PATHS = NO;
				ASSETCATALOG_COMPILER_GENERATE_SWIFT_ASSET_SYMBOL_EXTENSIONS = YES;
				CLANG_ANALYZER_NONNULL = YES;
				CLANG_ANALYZER_NUMBER_OBJECT_CONVERSION = YES_AGGRESSIVE;
				CLANG_CXX_LANGUAGE_STANDARD = "gnu++20";
				CLANG_ENABLE_MODULES = YES;
				CLANG_ENABLE_OBJC_ARC = YES;
				CLANG_ENABLE_OBJC_WEAK = YES;
				CLANG_WARN_BLOCK_CAPTURE_AUTORELEASING = YES;
				CLANG_WARN_BOOL_CONVERSION = YES;
				CLANG_WARN_COMMA = YES;
				CLANG_WARN_CONSTANT_CONVERSION = YES;
				CLANG_WARN_DEPRECATED_OBJC_IMPLEMENTATIONS = YES;
				CLANG_WARN_DIRECT_OBJC_ISA_USAGE = YES_ERROR;
				CLANG_WARN_DOCUMENTATION_COMMENTS = YES;
				CLANG_WARN_EMPTY_BODY = YES;
				CLANG_WARN_ENUM_CONVERSION = YES;
				CLANG_WARN_INFINITE_RECURSION = YES;
				CLANG_WARN_INT_CONVERSION = YES;
				CLANG_WARN_NON_LITERAL_NULL_CONVERSION = YES;
				CLANG_WARN_OBJC_IMPLICIT_RETAIN_SELF = YES;
				CLANG_WARN_OBJC_LITERAL_CONVERSION = YES;
				CLANG_WARN_OBJC_ROOT_CLASS = YES_ERROR;
				CLANG_WARN_QUOTED_INCLUDE_IN_FRAMEWORK_HEADER = YES;
				CLANG_WARN_RANGE_LOOP_ANALYSIS = YES;
				CLANG_WARN_STRICT_PROTOTYPES = YES;
				CLANG_WARN_SUSPICIOUS_MOVE = YES;
				CLANG_WARN_UNGUARDED_AVAILABILITY = YES_AGGRESSIVE;
				CLANG_WARN_UNREACHABLE_CODE = YES;
				CLANG_WARN__DUPLICATE_METHOD_MATCH = YES;
				COPY_PHASE_STRIP = NO;
				DEBUG_INFORMATION_FORMAT = dwarf;
				ENABLE_STRICT_OBJC_MSGSEND = YES;
				ENABLE_TESTABILITY = YES;
				ENABLE_USER_SCRIPT_SANDBOXING = YES;
				GCC_C_LANGUAGE_STANDARD = gnu17;
				GCC_DYNAMIC_NO_PIC = NO;
				GCC_NO_COMMON_BLOCKS = YES;
				GCC_OPTIMIZATION_LEVEL = 0;
				GCC_PREPROCESSOR_DEFINITIONS = (
					"DEBUG=1",
					"$(inherited)",
				);
				GCC_WARN_64_TO_32_BIT_CONVERSION = YES;
				GCC_WARN_ABOUT_RETURN_TYPE = YES_ERROR;
				GCC_WARN_UNDECLARED_SELECTOR = YES;
				GCC_WARN_UNINITIALIZED_AUTOS = YES_AGGRESSIVE;
				GCC_WARN_UNUSED_FUNCTION = YES;
				GCC_WARN_UNUSED_VARIABLE = YES;
				IPHONEOS_DEPLOYMENT_TARGET = 18.0;
				LOCALIZATION_PREFERS_STRING_CATALOGS = YES;
				MTL_ENABLE_DEBUG_INFO = INCLUDE_SOURCE;
				MTL_FAST_MATH = YES;
				ONLY_ACTIVE_ARCH = YES;
				SDKROOT = iphoneos;
				SWIFT_ACTIVE_COMPILATION_CONDITIONS = "DEBUG $(inherited)";
				SWIFT_OPTIMIZATION_LEVEL = "-Onone";
			};
			name = Debug;
		};
		8657ADA52D163D70003CC347 /* Release */ = {
			isa = XCBuildConfiguration;
			buildSettings = {
				ALWAYS_SEARCH_USER_PATHS = NO;
				ASSETCATALOG_COMPILER_GENERATE_SWIFT_ASSET_SYMBOL_EXTENSIONS = YES;
				CLANG_ANALYZER_NONNULL = YES;
				CLANG_ANALYZER_NUMBER_OBJECT_CONVERSION = YES_AGGRESSIVE;
				CLANG_CXX_LANGUAGE_STANDARD = "gnu++20";
				CLANG_ENABLE_MODULES = YES;
				CLANG_ENABLE_OBJC_ARC = YES;
				CLANG_ENABLE_OBJC_WEAK = YES;
				CLANG_WARN_BLOCK_CAPTURE_AUTORELEASING = YES;
				CLANG_WARN_BOOL_CONVERSION = YES;
				CLANG_WARN_COMMA = YES;
				CLANG_WARN_CONSTANT_CONVERSION = YES;
				CLANG_WARN_DEPRECATED_OBJC_IMPLEMENTATIONS = YES;
				CLANG_WARN_DIRECT_OBJC_ISA_USAGE = YES_ERROR;
				CLANG_WARN_DOCUMENTATION_COMMENTS = YES;
				CLANG_WARN_EMPTY_BODY = YES;
				CLANG_WARN_ENUM_CONVERSION = YES;
				CLANG_WARN_INFINITE_RECURSION = YES;
				CLANG_WARN_INT_CONVERSION = YES;
				CLANG_WARN_NON_LITERAL_NULL_CONVERSION = YES;
				CLANG_WARN_OBJC_IMPLICIT_RETAIN_SELF = YES;
				CLANG_WARN_OBJC_LITERAL_CONVERSION = YES;
				CLANG_WARN_OBJC_ROOT_CLASS = YES_ERROR;
				CLANG_WARN_QUOTED_INCLUDE_IN_FRAMEWORK_HEADER = YES;
				CLANG_WARN_RANGE_LOOP_ANALYSIS = YES;
				CLANG_WARN_STRICT_PROTOTYPES = YES;
				CLANG_WARN_SUSPICIOUS_MOVE = YES;
				CLANG_WARN_UNGUARDED_AVAILABILITY = YES_AGGRESSIVE;
				CLANG_WARN_UNREACHABLE_CODE = YES;
				CLANG_WARN__DUPLICATE_METHOD_MATCH = YES;
				COPY_PHASE_STRIP = NO;
				DEBUG_INFORMATION_FORMAT = "dwarf-with-dsym";
				ENABLE_NS_ASSERTIONS = NO;
				ENABLE_STRICT_OBJC_MSGSEND = YES;
				ENABLE_USER_SCRIPT_SANDBOXING = YES;
				GCC_C_LANGUAGE_STANDARD = gnu17;
				GCC_NO_COMMON_BLOCKS = YES;
				GCC_WARN_64_TO_32_BIT_CONVERSION = YES;
				GCC_WARN_ABOUT_RETURN_TYPE = YES_ERROR;
				GCC_WARN_UNDECLARED_SELECTOR = YES;
				GCC_WARN_UNINITIALIZED_AUTOS = YES_AGGRESSIVE;
				GCC_WARN_UNUSED_FUNCTION = YES;
				GCC_WARN_UNUSED_VARIABLE = YES;
				IPHONEOS_DEPLOYMENT_TARGET = 18.0;
				LOCALIZATION_PREFERS_STRING_CATALOGS = YES;
				MTL_ENABLE_DEBUG_INFO = NO;
				MTL_FAST_MATH = YES;
				SDKROOT = iphoneos;
				SWIFT_COMPILATION_MODE = wholemodule;
				VALIDATE_PRODUCT = YES;
			};
			name = Release;
		};
		8657ADA72D163D70003CC347 /* Debug */ = {
			isa = XCBuildConfiguration;
			buildSettings = {
				ASSETCATALOG_COMPILER_APPICON_NAME = AppIcon;
				ASSETCATALOG_COMPILER_GLOBAL_ACCENT_COLOR_NAME = AccentColor;
				CODE_SIGN_STYLE = Automatic;
				CURRENT_PROJECT_VERSION = 1;
				DEVELOPMENT_ASSET_PATHS = "\"ebuddyPTE.LTD/Preview Content\"";
				ENABLE_PREVIEWS = YES;
				GENERATE_INFOPLIST_FILE = YES;
				INFOPLIST_KEY_UIApplicationSceneManifest_Generation = YES;
				INFOPLIST_KEY_UIApplicationSupportsIndirectInputEvents = YES;
				INFOPLIST_KEY_UILaunchScreen_Generation = YES;
				INFOPLIST_KEY_UISupportedInterfaceOrientations_iPad = "UIInterfaceOrientationPortrait UIInterfaceOrientationPortraitUpsideDown UIInterfaceOrientationLandscapeLeft UIInterfaceOrientationLandscapeRight";
				INFOPLIST_KEY_UISupportedInterfaceOrientations_iPhone = "UIInterfaceOrientationPortrait UIInterfaceOrientationLandscapeLeft UIInterfaceOrientationLandscapeRight";
				LD_RUNPATH_SEARCH_PATHS = (
					"$(inherited)",
					"@executable_path/Frameworks",
				);
				MARKETING_VERSION = 1.0;
				PRODUCT_BUNDLE_IDENTIFIER = "com.yudiantara.ebuddyPTE-LTD";
				PRODUCT_NAME = "$(TARGET_NAME)";
				SWIFT_EMIT_LOC_STRINGS = YES;
				SWIFT_VERSION = 5.0;
				TARGETED_DEVICE_FAMILY = "1,2";
			};
			name = Debug;
		};
		8657ADA82D163D70003CC347 /* Release */ = {
			isa = XCBuildConfiguration;
			buildSettings = {
				ASSETCATALOG_COMPILER_APPICON_NAME = AppIcon;
				ASSETCATALOG_COMPILER_GLOBAL_ACCENT_COLOR_NAME = AccentColor;
				CODE_SIGN_STYLE = Automatic;
				CURRENT_PROJECT_VERSION = 1;
				DEVELOPMENT_ASSET_PATHS = "\"ebuddyPTE.LTD/Preview Content\"";
				ENABLE_PREVIEWS = YES;
				GENERATE_INFOPLIST_FILE = YES;
				INFOPLIST_KEY_UIApplicationSceneManifest_Generation = YES;
				INFOPLIST_KEY_UIApplicationSupportsIndirectInputEvents = YES;
				INFOPLIST_KEY_UILaunchScreen_Generation = YES;
				INFOPLIST_KEY_UISupportedInterfaceOrientations_iPad = "UIInterfaceOrientationPortrait UIInterfaceOrientationPortraitUpsideDown UIInterfaceOrientationLandscapeLeft UIInterfaceOrientationLandscapeRight";
				INFOPLIST_KEY_UISupportedInterfaceOrientations_iPhone = "UIInterfaceOrientationPortrait UIInterfaceOrientationLandscapeLeft UIInterfaceOrientationLandscapeRight";
				LD_RUNPATH_SEARCH_PATHS = (
					"$(inherited)",
					"@executable_path/Frameworks",
				);
				MARKETING_VERSION = 1.0;
				PRODUCT_BUNDLE_IDENTIFIER = "com.yudiantara.ebuddyPTE-LTD";
				PRODUCT_NAME = "$(TARGET_NAME)";
				SWIFT_EMIT_LOC_STRINGS = YES;
				SWIFT_VERSION = 5.0;
				TARGETED_DEVICE_FAMILY = "1,2";
			};
			name = Release;
		};
		8657ADAA2D163D70003CC347 /* Debug */ = {
			isa = XCBuildConfiguration;
			buildSettings = {
				BUNDLE_LOADER = "$(TEST_HOST)";
				CODE_SIGN_STYLE = Automatic;
				CURRENT_PROJECT_VERSION = 1;
				GENERATE_INFOPLIST_FILE = YES;
				IPHONEOS_DEPLOYMENT_TARGET = 18.0;
				MARKETING_VERSION = 1.0;
				PRODUCT_BUNDLE_IDENTIFIER = "com.yudiantara.ebuddyPTE-LTDTests";
				PRODUCT_NAME = "$(TARGET_NAME)";
				SWIFT_EMIT_LOC_STRINGS = NO;
				SWIFT_VERSION = 5.0;
				TARGETED_DEVICE_FAMILY = "1,2";
				TEST_HOST = "$(BUILT_PRODUCTS_DIR)/ebuddyPTE.LTD.app/$(BUNDLE_EXECUTABLE_FOLDER_PATH)/ebuddyPTE.LTD";
			};
			name = Debug;
		};
		8657ADAB2D163D70003CC347 /* Release */ = {
			isa = XCBuildConfiguration;
			buildSettings = {
				BUNDLE_LOADER = "$(TEST_HOST)";
				CODE_SIGN_STYLE = Automatic;
				CURRENT_PROJECT_VERSION = 1;
				GENERATE_INFOPLIST_FILE = YES;
				IPHONEOS_DEPLOYMENT_TARGET = 18.0;
				MARKETING_VERSION = 1.0;
				PRODUCT_BUNDLE_IDENTIFIER = "com.yudiantara.ebuddyPTE-LTDTests";
				PRODUCT_NAME = "$(TARGET_NAME)";
				SWIFT_EMIT_LOC_STRINGS = NO;
				SWIFT_VERSION = 5.0;
				TARGETED_DEVICE_FAMILY = "1,2";
				TEST_HOST = "$(BUILT_PRODUCTS_DIR)/ebuddyPTE.LTD.app/$(BUNDLE_EXECUTABLE_FOLDER_PATH)/ebuddyPTE.LTD";
			};
			name = Release;
		};
		8657ADAD2D163D70003CC347 /* Debug */ = {
			isa = XCBuildConfiguration;
			buildSettings = {
				CODE_SIGN_STYLE = Automatic;
				CURRENT_PROJECT_VERSION = 1;
				GENERATE_INFOPLIST_FILE = YES;
				MARKETING_VERSION = 1.0;
				PRODUCT_BUNDLE_IDENTIFIER = "com.yudiantara.ebuddyPTE-LTDUITests";
				PRODUCT_NAME = "$(TARGET_NAME)";
				SWIFT_EMIT_LOC_STRINGS = NO;
				SWIFT_VERSION = 5.0;
				TARGETED_DEVICE_FAMILY = "1,2";
				TEST_TARGET_NAME = ebuddyPTE.LTD;
			};
			name = Debug;
		};
		8657ADAE2D163D70003CC347 /* Release */ = {
			isa = XCBuildConfiguration;
			buildSettings = {
				CODE_SIGN_STYLE = Automatic;
				CURRENT_PROJECT_VERSION = 1;
				GENERATE_INFOPLIST_FILE = YES;
				MARKETING_VERSION = 1.0;
				PRODUCT_BUNDLE_IDENTIFIER = "com.yudiantara.ebuddyPTE-LTDUITests";
				PRODUCT_NAME = "$(TARGET_NAME)";
				SWIFT_EMIT_LOC_STRINGS = NO;
				SWIFT_VERSION = 5.0;
				TARGETED_DEVICE_FAMILY = "1,2";
				TEST_TARGET_NAME = ebuddyPTE.LTD;
			};
			name = Release;
		};
/* End XCBuildConfiguration section */

/* Begin XCConfigurationList section */
		8657AD7D2D163D6E003CC347 /* Build configuration list for PBXProject "ebuddyPTE.LTD" */ = {
			isa = XCConfigurationList;
			buildConfigurations = (
				8657ADA42D163D70003CC347 /* Debug */,
				8657ADA52D163D70003CC347 /* Release */,
			);
			defaultConfigurationIsVisible = 0;
			defaultConfigurationName = Release;
		};
		8657ADA62D163D70003CC347 /* Build configuration list for PBXNativeTarget "ebuddyPTE.LTD" */ = {
			isa = XCConfigurationList;
			buildConfigurations = (
				8657ADA72D163D70003CC347 /* Debug */,
				8657ADA82D163D70003CC347 /* Release */,
			);
			defaultConfigurationIsVisible = 0;
			defaultConfigurationName = Release;
		};
		8657ADA92D163D70003CC347 /* Build configuration list for PBXNativeTarget "ebuddyPTE.LTDTests" */ = {
			isa = XCConfigurationList;
			buildConfigurations = (
				8657ADAA2D163D70003CC347 /* Debug */,
				8657ADAB2D163D70003CC347 /* Release */,
			);
			defaultConfigurationIsVisible = 0;
			defaultConfigurationName = Release;
		};
		8657ADAC2D163D70003CC347 /* Build configuration list for PBXNativeTarget "ebuddyPTE.LTDUITests" */ = {
			isa = XCConfigurationList;
			buildConfigurations = (
				8657ADAD2D163D70003CC347 /* Debug */,
				8657ADAE2D163D70003CC347 /* Release */,
			);
			defaultConfigurationIsVisible = 0;
			defaultConfigurationName = Release;
		};
/* End XCConfigurationList section */

/* Begin XCRemoteSwiftPackageReference section */
		8657ADB62D164117003CC347 /* XCRemoteSwiftPackageReference "firebase-ios-sdk" */ = {
			isa = XCRemoteSwiftPackageReference;
			repositoryURL = "https://github.com/firebase/firebase-ios-sdk";
			requirement = {
				kind = upToNextMajorVersion;
				minimumVersion = 11.6.0;
			};
		};
		8697A52B2D16656400867303 /* XCRemoteSwiftPackageReference "AlertToast" */ = {
			isa = XCRemoteSwiftPackageReference;
			repositoryURL = "https://github.com/elai950/AlertToast.git";
			requirement = {
				kind = upToNextMajorVersion;
				minimumVersion = 1.3.9;
			};
		};
/* End XCRemoteSwiftPackageReference section */

/* Begin XCSwiftPackageProductDependency section */
		8657ADB72D164117003CC347 /* FirebaseAuth */ = {
			isa = XCSwiftPackageProductDependency;
			package = 8657ADB62D164117003CC347 /* XCRemoteSwiftPackageReference "firebase-ios-sdk" */;
			productName = FirebaseAuth;
		};
		8657ADB92D164117003CC347 /* FirebaseFirestore */ = {
			isa = XCSwiftPackageProductDependency;
			package = 8657ADB62D164117003CC347 /* XCRemoteSwiftPackageReference "firebase-ios-sdk" */;
			productName = FirebaseFirestore;
		};
		8657ADBB2D164117003CC347 /* FirebaseFirestoreCombine-Community */ = {
			isa = XCSwiftPackageProductDependency;
			package = 8657ADB62D164117003CC347 /* XCRemoteSwiftPackageReference "firebase-ios-sdk" */;
			productName = "FirebaseFirestoreCombine-Community";
		};
		8657ADBD2D164117003CC347 /* FirebaseStorage */ = {
			isa = XCSwiftPackageProductDependency;
			package = 8657ADB62D164117003CC347 /* XCRemoteSwiftPackageReference "firebase-ios-sdk" */;
			productName = FirebaseStorage;
		};
		8657ADBF2D164117003CC347 /* FirebaseStorageCombine-Community */ = {
			isa = XCSwiftPackageProductDependency;
			package = 8657ADB62D164117003CC347 /* XCRemoteSwiftPackageReference "firebase-ios-sdk" */;
			productName = "FirebaseStorageCombine-Community";
		};
		8697A52C2D16656400867303 /* AlertToast */ = {
			isa = XCSwiftPackageProductDependency;
			package = 8697A52B2D16656400867303 /* XCRemoteSwiftPackageReference "AlertToast" */;
			productName = AlertToast;
		};
/* End XCSwiftPackageProductDependency section */
	};
	rootObject = 8657AD7A2D163D6E003CC347 /* Project object */;
}
